
Microsoft Visual Studio Solution File, Format Version 12.00
# Visual Studio Version 17
VisualStudioVersion = 17.3.32819.101
MinimumVisualStudioVersion = 10.0.40219.1
Project("{FAE04EC0-301F-11D3-BF4B-00C04F79EFBC}") = "ReactPeopleCars.Web", "ReactPeopleCars.Web\ReactPeopleCars.Web.csproj", "{D2540686-A93F-4335-A5DF-57F6D33B4D8C}"
EndProject
Project("{FAE04EC0-301F-11D3-BF4B-00C04F79EFBC}") = "ReactPeopleCars.Data", "ReactPeopleCars.Data\ReactPeopleCars.Data.csproj", "{86DAE60E-C2C6-422D-AF40-CAA1D89EAB9F}"
EndProject
Global
	GlobalSection(SolutionConfigurationPlatforms) = preSolution
		Debug|Any CPU = Debug|Any CPU
		Release|Any CPU = Release|Any CPU
	EndGlobalSection
	GlobalSection(ProjectConfigurationPlatforms) = postSolution
		{D2540686-A93F-4335-A5DF-57F6D33B4D8C}.Debug|Any CPU.ActiveCfg = Debug|Any CPU
		{D2540686-A93F-4335-A5DF-57F6D33B4D8C}.Debug|Any CPU.Build.0 = Debug|Any CPU
		{D2540686-A93F-4335-A5DF-57F6D33B4D8C}.Release|Any CPU.ActiveCfg = Release|Any CPU
		{D2540686-A93F-4335-A5DF-57F6D33B4D8C}.Release|Any CPU.Build.0 = Release|Any CPU
		{86DAE60E-C2C6-422D-AF40-CAA1D89EAB9F}.Debug|Any CPU.ActiveCfg = Debug|Any CPU
		{86DAE60E-C2C6-422D-AF40-CAA1D89EAB9F}.Debug|Any CPU.Build.0 = Debug|Any CPU
		{86DAE60E-C2C6-422D-AF40-CAA1D89EAB9F}.Release|Any CPU.ActiveCfg = Release|Any CPU
		{86DAE60E-C2C6-422D-AF40-CAA1D89EAB9F}.Release|Any CPU.Build.0 = Release|Any CPU
	EndGlobalSection
	GlobalSection(SolutionProperties) = preSolution
		HideSolutionNode = FALSE
	EndGlobalSection
	GlobalSection(ExtensibilityGlobals) = postSolution
		SolutionGuid = {AF8CD4E3-2CBE-4E84-970F-EA84318089B5}
	EndGlobalSection
EndGlobal
